
Microsoft Visual Studio Solution File, Format Version 12.00
# Visual Studio Version 16
VisualStudioVersion = 16.0.30907.101
MinimumVisualStudioVersion = 10.0.40219.1
Project("{9A19103F-16F7-4668-BE54-9A1E7A4F7556}") = "FirstWPFApplication", "FirstWPFApplication\FirstWPFApplication.csproj", "{6C42A027-9462-404A-8BA5-275661A2423B}"
EndProject
Project("{9A19103F-16F7-4668-BE54-9A1E7A4F7556}") = "WPF - Classes", "WPF - Classes\WPF - Classes.csproj", "{EB1D7ABC-5F1E-4645-9645-B09B93A3041F}"
EndProject
Project("{9A19103F-16F7-4668-BE54-9A1E7A4F7556}") = "Classes 3", "Classes 3\Classes 3.csproj", "{9A8723D4-1BF5-4125-A436-D73E209170AD}"
EndProject
Project("{9A19103F-16F7-4668-BE54-9A1E7A4F7556}") = "JSON_Pokemon", "JSON_Pokemon\JSON_Pokemon.csproj", "{2241FBAB-221B-4612-A7F3-518ACB0453D4}"
EndProject
Project("{9A19103F-16F7-4668-BE54-9A1E7A4F7556}") = "Practice", "Practice\Practice.csproj", "{2BE97860-59C9-45F9-9433-0E18B626E0D0}"
EndProject
Project("{9A19103F-16F7-4668-BE54-9A1E7A4F7556}") = "JSONChuckNorrisJokes", "JSONChuckNorrisJokes\JSONChuckNorrisJokes.csproj", "{16F5D415-6221-4E7C-B3C9-393346F47B29}"
EndProject
Project("{9A19103F-16F7-4668-BE54-9A1E7A4F7556}") = "GOT Quote", "GOT Quote\GOT Quote.csproj", "{65592AAC-00CA-4B08-966E-0C32549B4241}"
EndProject
Project("{9A19103F-16F7-4668-BE54-9A1E7A4F7556}") = "PracticeHW2Delete", "PracticeHW2Delete\PracticeHW2Delete.csproj", "{83B87BF9-4ACB-453F-8A97-D77153E60676}"
EndProject
Project("{FAE04EC0-301F-11D3-BF4B-00C04F79EFBC}") = "PracticeDelete", "PracticeDelete\PracticeDelete.csproj", "{209F8E77-498F-4CFB-8B69-3AB22B5F1D6A}"
EndProject
Global
	GlobalSection(SolutionConfigurationPlatforms) = preSolution
		Debug|Any CPU = Debug|Any CPU
		Release|Any CPU = Release|Any CPU
	EndGlobalSection
	GlobalSection(ProjectConfigurationPlatforms) = postSolution
		{6C42A027-9462-404A-8BA5-275661A2423B}.Debug|Any CPU.ActiveCfg = Debug|Any CPU
		{6C42A027-9462-404A-8BA5-275661A2423B}.Debug|Any CPU.Build.0 = Debug|Any CPU
		{6C42A027-9462-404A-8BA5-275661A2423B}.Release|Any CPU.ActiveCfg = Release|Any CPU
		{6C42A027-9462-404A-8BA5-275661A2423B}.Release|Any CPU.Build.0 = Release|Any CPU
		{EB1D7ABC-5F1E-4645-9645-B09B93A3041F}.Debug|Any CPU.ActiveCfg = Debug|Any CPU
		{EB1D7ABC-5F1E-4645-9645-B09B93A3041F}.Debug|Any CPU.Build.0 = Debug|Any CPU
		{EB1D7ABC-5F1E-4645-9645-B09B93A3041F}.Release|Any CPU.ActiveCfg = Release|Any CPU
		{EB1D7ABC-5F1E-4645-9645-B09B93A3041F}.Release|Any CPU.Build.0 = Release|Any CPU
		{9A8723D4-1BF5-4125-A436-D73E209170AD}.Debug|Any CPU.ActiveCfg = Debug|Any CPU
		{9A8723D4-1BF5-4125-A436-D73E209170AD}.Debug|Any CPU.Build.0 = Debug|Any CPU
		{9A8723D4-1BF5-4125-A436-D73E209170AD}.Release|Any CPU.ActiveCfg = Release|Any CPU
		{9A8723D4-1BF5-4125-A436-D73E209170AD}.Release|Any CPU.Build.0 = Release|Any CPU
		{2241FBAB-221B-4612-A7F3-518ACB0453D4}.Debug|Any CPU.ActiveCfg = Debug|Any CPU
		{2241FBAB-221B-4612-A7F3-518ACB0453D4}.Debug|Any CPU.Build.0 = Debug|Any CPU
		{2241FBAB-221B-4612-A7F3-518ACB0453D4}.Release|Any CPU.ActiveCfg = Release|Any CPU
		{2241FBAB-221B-4612-A7F3-518ACB0453D4}.Release|Any CPU.Build.0 = Release|Any CPU
		{2BE97860-59C9-45F9-9433-0E18B626E0D0}.Debug|Any CPU.ActiveCfg = Debug|Any CPU
		{2BE97860-59C9-45F9-9433-0E18B626E0D0}.Debug|Any CPU.Build.0 = Debug|Any CPU
		{2BE97860-59C9-45F9-9433-0E18B626E0D0}.Release|Any CPU.ActiveCfg = Release|Any CPU
		{2BE97860-59C9-45F9-9433-0E18B626E0D0}.Release|Any CPU.Build.0 = Release|Any CPU
		{16F5D415-6221-4E7C-B3C9-393346F47B29}.Debug|Any CPU.ActiveCfg = Debug|Any CPU
		{16F5D415-6221-4E7C-B3C9-393346F47B29}.Debug|Any CPU.Build.0 = Debug|Any CPU
		{16F5D415-6221-4E7C-B3C9-393346F47B29}.Release|Any CPU.ActiveCfg = Release|Any CPU
		{16F5D415-6221-4E7C-B3C9-393346F47B29}.Release|Any CPU.Build.0 = Release|Any CPU
		{65592AAC-00CA-4B08-966E-0C32549B4241}.Debug|Any CPU.ActiveCfg = Debug|Any CPU
		{65592AAC-00CA-4B08-966E-0C32549B4241}.Debug|Any CPU.Build.0 = Debug|Any CPU
		{65592AAC-00CA-4B08-966E-0C32549B4241}.Release|Any CPU.ActiveCfg = Release|Any CPU
		{65592AAC-00CA-4B08-966E-0C32549B4241}.Release|Any CPU.Build.0 = Release|Any CPU
		{83B87BF9-4ACB-453F-8A97-D77153E60676}.Debug|Any CPU.ActiveCfg = Debug|Any CPU
		{83B87BF9-4ACB-453F-8A97-D77153E60676}.Debug|Any CPU.Build.0 = Debug|Any CPU
		{83B87BF9-4ACB-453F-8A97-D77153E60676}.Release|Any CPU.ActiveCfg = Release|Any CPU
		{83B87BF9-4ACB-453F-8A97-D77153E60676}.Release|Any CPU.Build.0 = Release|Any CPU
		{209F8E77-498F-4CFB-8B69-3AB22B5F1D6A}.Debug|Any CPU.ActiveCfg = Debug|Any CPU
		{209F8E77-498F-4CFB-8B69-3AB22B5F1D6A}.Debug|Any CPU.Build.0 = Debug|Any CPU
		{209F8E77-498F-4CFB-8B69-3AB22B5F1D6A}.Release|Any CPU.ActiveCfg = Release|Any CPU
		{209F8E77-498F-4CFB-8B69-3AB22B5F1D6A}.Release|Any CPU.Build.0 = Release|Any CPU
	EndGlobalSection
	GlobalSection(SolutionProperties) = preSolution
		HideSolutionNode = FALSE
	EndGlobalSection
	GlobalSection(ExtensibilityGlobals) = postSolution
		SolutionGuid = {DCB773E0-C172-462B-8D2C-F6070AA2A15F}
	EndGlobalSection
EndGlobal
